
Microsoft Visual Studio Solution File, Format Version 12.00
# Visual Studio Version 16
VisualStudioVersion = 16.0.31321.278
MinimumVisualStudioVersion = 10.0.40219.1
Project("{9A19103F-16F7-4668-BE54-9A1E7A4F7556}") = "KampIntro", "KampIntro\KampIntro.csproj", "{CA3D34B4-6336-4255-96B0-8D954AAC5646}"
EndProject
Project("{9A19103F-16F7-4668-BE54-9A1E7A4F7556}") = "Donguler", "Donguler\Donguler.csproj", "{7A655576-0389-4CEB-AA8E-9A131801A2B2}"
EndProject
Project("{9A19103F-16F7-4668-BE54-9A1E7A4F7556}") = "ClassIntro", "ClassIntro\ClassIntro.csproj", "{FAD572D5-B1EB-4A78-8BDF-5E2FD55A98BB}"
EndProject
Project("{9A19103F-16F7-4668-BE54-9A1E7A4F7556}") = "Odev5Intro", "Odev5Intro\Odev5Intro.csproj", "{2229CF06-4549-46DB-B64C-6C192A0B5EDF}"
EndProject
Project("{9A19103F-16F7-4668-BE54-9A1E7A4F7556}") = "Odev6Intro", "Odev6Intro\Odev6Intro.csproj", "{E55ACEA1-DE23-4996-BBC5-1F689C0E02D5}"
EndProject
Project("{9A19103F-16F7-4668-BE54-9A1E7A4F7556}") = "Metotlar", "Metotlar\Metotlar.csproj", "{3FF89B75-3BA7-4A79-BFB6-2C3340A34823}"
EndProject
Project("{9A19103F-16F7-4668-BE54-9A1E7A4F7556}") = "Matematik", "Matematik\Matematik.csproj", "{F83431AC-78B7-4F73-9741-5F909A9F223C}"
EndProject
Project("{9A19103F-16F7-4668-BE54-9A1E7A4F7556}") = "DegerVeReferansTipler", "DegerVeReferansTipler\DegerVeReferansTipler.csproj", "{482283DA-C32C-431A-8AF2-8CE1A42E984F}"
EndProject
Project("{9A19103F-16F7-4668-BE54-9A1E7A4F7556}") = "ClassMetotDemo", "ClassMetotDemo\ClassMetotDemo.csproj", "{891EC044-DFB2-479B-AD70-93D666496CB6}"
EndProject
Project("{9A19103F-16F7-4668-BE54-9A1E7A4F7556}") = "OOP1", "OOP1\OOP1.csproj", "{B7272CC4-6DC3-449C-B06B-022A3437D08D}"
EndProject
Project("{9A19103F-16F7-4668-BE54-9A1E7A4F7556}") = "Koleksiyonlar", "Koleksiyonlar\Koleksiyonlar.csproj", "{C6E84E9D-C49D-4F25-846C-74165CC3AA75}"
EndProject
Project("{9A19103F-16F7-4668-BE54-9A1E7A4F7556}") = "GenericsIntro", "GenericsIntro\GenericsIntro.csproj", "{3924B48E-A31F-417A-A47B-53F0F1B94E6E}"
EndProject
Project("{9A19103F-16F7-4668-BE54-9A1E7A4F7556}") = "ReferenceTypes", "ReferenceTypes\ReferenceTypes.csproj", "{BAB4E23C-CF95-4FB6-9EA0-754C3CE3756A}"
EndProject
Project("{9A19103F-16F7-4668-BE54-9A1E7A4F7556}") = "Constructors", "Constructors\Constructors.csproj", "{405FBF3E-CD1A-4A03-955D-67D0A0F5DF00}"
EndProject
Project("{9A19103F-16F7-4668-BE54-9A1E7A4F7556}") = "Generics", "Generics\Generics.csproj", "{4FDF563F-7900-4268-BE68-AC994FAE7115}"
EndProject
Project("{9A19103F-16F7-4668-BE54-9A1E7A4F7556}") = "GenericsMyDictionary", "GenericsMyDictionary\GenericsMyDictionary.csproj", "{47284C42-895B-4843-A7C4-E00B654B2921}"
EndProject
Project("{9A19103F-16F7-4668-BE54-9A1E7A4F7556}") = "OOP2", "OOP2\OOP2.csproj", "{7852146F-2892-4265-BE1E-B82C214DEAE5}"
EndProject
Project("{9A19103F-16F7-4668-BE54-9A1E7A4F7556}") = "OOP3", "OOP3\OOP3.csproj", "{0B842159-FB42-41F8-9E26-C0099978F985}"
EndProject
Project("{FAE04EC0-301F-11D3-BF4B-00C04F79EFBC}") = "RecapDemo1", "RecapDemo1\RecapDemo1.csproj", "{F8BC0CDD-FEDF-46CA-BB3D-EB6CCA8BBFBA}"
EndProject
Project("{9A19103F-16F7-4668-BE54-9A1E7A4F7556}") = "InterfacesDemo", "InterfacesDemo\InterfacesDemo.csproj", "{10E870FF-D566-4B9C-8873-323671F587EA}"
EndProject
Project("{9A19103F-16F7-4668-BE54-9A1E7A4F7556}") = "Inheritance", "Inheritance\Inheritance.csproj", "{E24E23FC-21E7-4120-85D7-67E9E597A981}"
EndProject
Project("{9A19103F-16F7-4668-BE54-9A1E7A4F7556}") = "StarbucksNeroDemoWithMernis", "StarbucksNeroDemoWithMernis\StarbucksNeroDemoWithMernis.csproj", "{ACB1D920-CD93-4D6F-A363-7C70A96D8E65}"
EndProject
Project("{9A19103F-16F7-4668-BE54-9A1E7A4F7556}") = "GameDemoWithMernis", "GameDemoWithMernis\GameDemoWithMernis.csproj", "{0BA702C6-36F4-4456-8C6F-53556015CC22}"
EndProject
Project("{9A19103F-16F7-4668-BE54-9A1E7A4F7556}") = "GameProject", "GameProject\GameProject.csproj", "{D72F5491-ED8C-46DA-9C54-9215118FBFAB}"
EndProject
Project("{FAE04EC0-301F-11D3-BF4B-00C04F79EFBC}") = "LinqProject", "LinqProject\LinqProject.csproj", "{65BEC336-A6CC-43C9-85F7-ABC90220AE67}"
EndProject
Global
	GlobalSection(SolutionConfigurationPlatforms) = preSolution
		Debug|Any CPU = Debug|Any CPU
		Release|Any CPU = Release|Any CPU
	EndGlobalSection
	GlobalSection(ProjectConfigurationPlatforms) = postSolution
		{CA3D34B4-6336-4255-96B0-8D954AAC5646}.Debug|Any CPU.ActiveCfg = Debug|Any CPU
		{CA3D34B4-6336-4255-96B0-8D954AAC5646}.Debug|Any CPU.Build.0 = Debug|Any CPU
		{CA3D34B4-6336-4255-96B0-8D954AAC5646}.Release|Any CPU.ActiveCfg = Release|Any CPU
		{CA3D34B4-6336-4255-96B0-8D954AAC5646}.Release|Any CPU.Build.0 = Release|Any CPU
		{7A655576-0389-4CEB-AA8E-9A131801A2B2}.Debug|Any CPU.ActiveCfg = Debug|Any CPU
		{7A655576-0389-4CEB-AA8E-9A131801A2B2}.Debug|Any CPU.Build.0 = Debug|Any CPU
		{7A655576-0389-4CEB-AA8E-9A131801A2B2}.Release|Any CPU.ActiveCfg = Release|Any CPU
		{7A655576-0389-4CEB-AA8E-9A131801A2B2}.Release|Any CPU.Build.0 = Release|Any CPU
		{FAD572D5-B1EB-4A78-8BDF-5E2FD55A98BB}.Debug|Any CPU.ActiveCfg = Debug|Any CPU
		{FAD572D5-B1EB-4A78-8BDF-5E2FD55A98BB}.Debug|Any CPU.Build.0 = Debug|Any CPU
		{FAD572D5-B1EB-4A78-8BDF-5E2FD55A98BB}.Release|Any CPU.ActiveCfg = Release|Any CPU
		{FAD572D5-B1EB-4A78-8BDF-5E2FD55A98BB}.Release|Any CPU.Build.0 = Release|Any CPU
		{2229CF06-4549-46DB-B64C-6C192A0B5EDF}.Debug|Any CPU.ActiveCfg = Debug|Any CPU
		{2229CF06-4549-46DB-B64C-6C192A0B5EDF}.Debug|Any CPU.Build.0 = Debug|Any CPU
		{2229CF06-4549-46DB-B64C-6C192A0B5EDF}.Release|Any CPU.ActiveCfg = Release|Any CPU
		{2229CF06-4549-46DB-B64C-6C192A0B5EDF}.Release|Any CPU.Build.0 = Release|Any CPU
		{E55ACEA1-DE23-4996-BBC5-1F689C0E02D5}.Debug|Any CPU.ActiveCfg = Debug|Any CPU
		{E55ACEA1-DE23-4996-BBC5-1F689C0E02D5}.Debug|Any CPU.Build.0 = Debug|Any CPU
		{E55ACEA1-DE23-4996-BBC5-1F689C0E02D5}.Release|Any CPU.ActiveCfg = Release|Any CPU
		{E55ACEA1-DE23-4996-BBC5-1F689C0E02D5}.Release|Any CPU.Build.0 = Release|Any CPU
		{3FF89B75-3BA7-4A79-BFB6-2C3340A34823}.Debug|Any CPU.ActiveCfg = Debug|Any CPU
		{3FF89B75-3BA7-4A79-BFB6-2C3340A34823}.Debug|Any CPU.Build.0 = Debug|Any CPU
		{3FF89B75-3BA7-4A79-BFB6-2C3340A34823}.Release|Any CPU.ActiveCfg = Release|Any CPU
		{3FF89B75-3BA7-4A79-BFB6-2C3340A34823}.Release|Any CPU.Build.0 = Release|Any CPU
		{F83431AC-78B7-4F73-9741-5F909A9F223C}.Debug|Any CPU.ActiveCfg = Debug|Any CPU
		{F83431AC-78B7-4F73-9741-5F909A9F223C}.Debug|Any CPU.Build.0 = Debug|Any CPU
		{F83431AC-78B7-4F73-9741-5F909A9F223C}.Release|Any CPU.ActiveCfg = Release|Any CPU
		{F83431AC-78B7-4F73-9741-5F909A9F223C}.Release|Any CPU.Build.0 = Release|Any CPU
		{482283DA-C32C-431A-8AF2-8CE1A42E984F}.Debug|Any CPU.ActiveCfg = Debug|Any CPU
		{482283DA-C32C-431A-8AF2-8CE1A42E984F}.Debug|Any CPU.Build.0 = Debug|Any CPU
		{482283DA-C32C-431A-8AF2-8CE1A42E984F}.Release|Any CPU.ActiveCfg = Release|Any CPU
		{482283DA-C32C-431A-8AF2-8CE1A42E984F}.Release|Any CPU.Build.0 = Release|Any CPU
		{891EC044-DFB2-479B-AD70-93D666496CB6}.Debug|Any CPU.ActiveCfg = Debug|Any CPU
		{891EC044-DFB2-479B-AD70-93D666496CB6}.Debug|Any CPU.Build.0 = Debug|Any CPU
		{891EC044-DFB2-479B-AD70-93D666496CB6}.Release|Any CPU.ActiveCfg = Release|Any CPU
		{891EC044-DFB2-479B-AD70-93D666496CB6}.Release|Any CPU.Build.0 = Release|Any CPU
		{B7272CC4-6DC3-449C-B06B-022A3437D08D}.Debug|Any CPU.ActiveCfg = Debug|Any CPU
		{B7272CC4-6DC3-449C-B06B-022A3437D08D}.Debug|Any CPU.Build.0 = Debug|Any CPU
		{B7272CC4-6DC3-449C-B06B-022A3437D08D}.Release|Any CPU.ActiveCfg = Release|Any CPU
		{B7272CC4-6DC3-449C-B06B-022A3437D08D}.Release|Any CPU.Build.0 = Release|Any CPU
		{C6E84E9D-C49D-4F25-846C-74165CC3AA75}.Debug|Any CPU.ActiveCfg = Debug|Any CPU
		{C6E84E9D-C49D-4F25-846C-74165CC3AA75}.Debug|Any CPU.Build.0 = Debug|Any CPU
		{C6E84E9D-C49D-4F25-846C-74165CC3AA75}.Release|Any CPU.ActiveCfg = Release|Any CPU
		{C6E84E9D-C49D-4F25-846C-74165CC3AA75}.Release|Any CPU.Build.0 = Release|Any CPU
		{3924B48E-A31F-417A-A47B-53F0F1B94E6E}.Debug|Any CPU.ActiveCfg = Debug|Any CPU
		{3924B48E-A31F-417A-A47B-53F0F1B94E6E}.Debug|Any CPU.Build.0 = Debug|Any CPU
		{3924B48E-A31F-417A-A47B-53F0F1B94E6E}.Release|Any CPU.ActiveCfg = Release|Any CPU
		{3924B48E-A31F-417A-A47B-53F0F1B94E6E}.Release|Any CPU.Build.0 = Release|Any CPU
		{BAB4E23C-CF95-4FB6-9EA0-754C3CE3756A}.Debug|Any CPU.ActiveCfg = Debug|Any CPU
		{BAB4E23C-CF95-4FB6-9EA0-754C3CE3756A}.Debug|Any CPU.Build.0 = Debug|Any CPU
		{BAB4E23C-CF95-4FB6-9EA0-754C3CE3756A}.Release|Any CPU.ActiveCfg = Release|Any CPU
		{BAB4E23C-CF95-4FB6-9EA0-754C3CE3756A}.Release|Any CPU.Build.0 = Release|Any CPU
		{405FBF3E-CD1A-4A03-955D-67D0A0F5DF00}.Debug|Any CPU.ActiveCfg = Debug|Any CPU
		{405FBF3E-CD1A-4A03-955D-67D0A0F5DF00}.Debug|Any CPU.Build.0 = Debug|Any CPU
		{405FBF3E-CD1A-4A03-955D-67D0A0F5DF00}.Release|Any CPU.ActiveCfg = Release|Any CPU
		{405FBF3E-CD1A-4A03-955D-67D0A0F5DF00}.Release|Any CPU.Build.0 = Release|Any CPU
		{4FDF563F-7900-4268-BE68-AC994FAE7115}.Debug|Any CPU.ActiveCfg = Debug|Any CPU
		{4FDF563F-7900-4268-BE68-AC994FAE7115}.Debug|Any CPU.Build.0 = Debug|Any CPU
		{4FDF563F-7900-4268-BE68-AC994FAE7115}.Release|Any CPU.ActiveCfg = Release|Any CPU
		{4FDF563F-7900-4268-BE68-AC994FAE7115}.Release|Any CPU.Build.0 = Release|Any CPU
		{47284C42-895B-4843-A7C4-E00B654B2921}.Debug|Any CPU.ActiveCfg = Debug|Any CPU
		{47284C42-895B-4843-A7C4-E00B654B2921}.Debug|Any CPU.Build.0 = Debug|Any CPU
		{47284C42-895B-4843-A7C4-E00B654B2921}.Release|Any CPU.ActiveCfg = Release|Any CPU
		{47284C42-895B-4843-A7C4-E00B654B2921}.Release|Any CPU.Build.0 = Release|Any CPU
		{7852146F-2892-4265-BE1E-B82C214DEAE5}.Debug|Any CPU.ActiveCfg = Debug|Any CPU
		{7852146F-2892-4265-BE1E-B82C214DEAE5}.Debug|Any CPU.Build.0 = Debug|Any CPU
		{7852146F-2892-4265-BE1E-B82C214DEAE5}.Release|Any CPU.ActiveCfg = Release|Any CPU
		{7852146F-2892-4265-BE1E-B82C214DEAE5}.Release|Any CPU.Build.0 = Release|Any CPU
		{0B842159-FB42-41F8-9E26-C0099978F985}.Debug|Any CPU.ActiveCfg = Debug|Any CPU
		{0B842159-FB42-41F8-9E26-C0099978F985}.Debug|Any CPU.Build.0 = Debug|Any CPU
		{0B842159-FB42-41F8-9E26-C0099978F985}.Release|Any CPU.ActiveCfg = Release|Any CPU
		{0B842159-FB42-41F8-9E26-C0099978F985}.Release|Any CPU.Build.0 = Release|Any CPU
		{F8BC0CDD-FEDF-46CA-BB3D-EB6CCA8BBFBA}.Debug|Any CPU.ActiveCfg = Debug|Any CPU
		{F8BC0CDD-FEDF-46CA-BB3D-EB6CCA8BBFBA}.Debug|Any CPU.Build.0 = Debug|Any CPU
		{F8BC0CDD-FEDF-46CA-BB3D-EB6CCA8BBFBA}.Release|Any CPU.ActiveCfg = Release|Any CPU
		{F8BC0CDD-FEDF-46CA-BB3D-EB6CCA8BBFBA}.Release|Any CPU.Build.0 = Release|Any CPU
		{10E870FF-D566-4B9C-8873-323671F587EA}.Debug|Any CPU.ActiveCfg = Debug|Any CPU
		{10E870FF-D566-4B9C-8873-323671F587EA}.Debug|Any CPU.Build.0 = Debug|Any CPU
		{10E870FF-D566-4B9C-8873-323671F587EA}.Release|Any CPU.ActiveCfg = Release|Any CPU
		{10E870FF-D566-4B9C-8873-323671F587EA}.Release|Any CPU.Build.0 = Release|Any CPU
		{E24E23FC-21E7-4120-85D7-67E9E597A981}.Debug|Any CPU.ActiveCfg = Debug|Any CPU
		{E24E23FC-21E7-4120-85D7-67E9E597A981}.Debug|Any CPU.Build.0 = Debug|Any CPU
		{E24E23FC-21E7-4120-85D7-67E9E597A981}.Release|Any CPU.ActiveCfg = Release|Any CPU
		{E24E23FC-21E7-4120-85D7-67E9E597A981}.Release|Any CPU.Build.0 = Release|Any CPU
		{ACB1D920-CD93-4D6F-A363-7C70A96D8E65}.Debug|Any CPU.ActiveCfg = Debug|Any CPU
		{ACB1D920-CD93-4D6F-A363-7C70A96D8E65}.Debug|Any CPU.Build.0 = Debug|Any CPU
		{ACB1D920-CD93-4D6F-A363-7C70A96D8E65}.Release|Any CPU.ActiveCfg = Release|Any CPU
		{ACB1D920-CD93-4D6F-A363-7C70A96D8E65}.Release|Any CPU.Build.0 = Release|Any CPU
		{0BA702C6-36F4-4456-8C6F-53556015CC22}.Debug|Any CPU.ActiveCfg = Debug|Any CPU
		{0BA702C6-36F4-4456-8C6F-53556015CC22}.Debug|Any CPU.Build.0 = Debug|Any CPU
		{0BA702C6-36F4-4456-8C6F-53556015CC22}.Release|Any CPU.ActiveCfg = Release|Any CPU
		{0BA702C6-36F4-4456-8C6F-53556015CC22}.Release|Any CPU.Build.0 = Release|Any CPU
		{D72F5491-ED8C-46DA-9C54-9215118FBFAB}.Debug|Any CPU.ActiveCfg = Debug|Any CPU
		{D72F5491-ED8C-46DA-9C54-9215118FBFAB}.Debug|Any CPU.Build.0 = Debug|Any CPU
		{D72F5491-ED8C-46DA-9C54-9215118FBFAB}.Release|Any CPU.ActiveCfg = Release|Any CPU
		{D72F5491-ED8C-46DA-9C54-9215118FBFAB}.Release|Any CPU.Build.0 = Release|Any CPU
		{65BEC336-A6CC-43C9-85F7-ABC90220AE67}.Debug|Any CPU.ActiveCfg = Debug|Any CPU
		{65BEC336-A6CC-43C9-85F7-ABC90220AE67}.Debug|Any CPU.Build.0 = Debug|Any CPU
		{65BEC336-A6CC-43C9-85F7-ABC90220AE67}.Release|Any CPU.ActiveCfg = Release|Any CPU
		{65BEC336-A6CC-43C9-85F7-ABC90220AE67}.Release|Any CPU.Build.0 = Release|Any CPU
	EndGlobalSection
	GlobalSection(SolutionProperties) = preSolution
		HideSolutionNode = FALSE
	EndGlobalSection
	GlobalSection(ExtensibilityGlobals) = postSolution
		SolutionGuid = {0C6EF18D-0D87-48C9-ABD0-40E5B3FBC167}
	EndGlobalSection
EndGlobal
