
Microsoft Visual Studio Solution File, Format Version 12.00
# Visual Studio Version 16
VisualStudioVersion = 16.0.31321.278
MinimumVisualStudioVersion = 10.0.40219.1
Project("{9A19103F-16F7-4668-BE54-9A1E7A4F7556}") = "KampIntro", "KampIntro\KampIntro.csproj", "{CA3D34B4-6336-4255-96B0-8D954AAC5646}"
EndProject
Project("{9A19103F-16F7-4668-BE54-9A1E7A4F7556}") = "Donguler", "Donguler\Donguler.csproj", "{7A655576-0389-4CEB-AA8E-9A131801A2B2}"
EndProject
Project("{9A19103F-16F7-4668-BE54-9A1E7A4F7556}") = "ClassIntro", "ClassIntro\ClassIntro.csproj", "{FAD572D5-B1EB-4A78-8BDF-5E2FD55A98BB}"
EndProject
Project("{9A19103F-16F7-4668-BE54-9A1E7A4F7556}") = "Odev5Intro", "Odev5Intro\Odev5Intro.csproj", "{2229CF06-4549-46DB-B64C-6C192A0B5EDF}"
EndProject
Project("{9A19103F-16F7-4668-BE54-9A1E7A4F7556}") = "Odev6Intro", "Odev6Intro\Odev6Intro.csproj", "{E55ACEA1-DE23-4996-BBC5-1F689C0E02D5}"
EndProject
Project("{FAE04EC0-301F-11D3-BF4B-00C04F79EFBC}") = "Metotlar", "Metotlar\Metotlar.csproj", "{3FF89B75-3BA7-4A79-BFB6-2C3340A34823}"
EndProject
Project("{FAE04EC0-301F-11D3-BF4B-00C04F79EFBC}") = "Matematik", "Matematik\Matematik.csproj", "{F83431AC-78B7-4F73-9741-5F909A9F223C}"
EndProject
Project("{FAE04EC0-301F-11D3-BF4B-00C04F79EFBC}") = "DegerVeReferansTipler", "DegerVeReferansTipler\DegerVeReferansTipler.csproj", "{482283DA-C32C-431A-8AF2-8CE1A42E984F}"
EndProject
Global
	GlobalSection(SolutionConfigurationPlatforms) = preSolution
		Debug|Any CPU = Debug|Any CPU
		Release|Any CPU = Release|Any CPU
	EndGlobalSection
	GlobalSection(ProjectConfigurationPlatforms) = postSolution
		{CA3D34B4-6336-4255-96B0-8D954AAC5646}.Debug|Any CPU.ActiveCfg = Debug|Any CPU
		{CA3D34B4-6336-4255-96B0-8D954AAC5646}.Debug|Any CPU.Build.0 = Debug|Any CPU
		{CA3D34B4-6336-4255-96B0-8D954AAC5646}.Release|Any CPU.ActiveCfg = Release|Any CPU
		{CA3D34B4-6336-4255-96B0-8D954AAC5646}.Release|Any CPU.Build.0 = Release|Any CPU
		{7A655576-0389-4CEB-AA8E-9A131801A2B2}.Debug|Any CPU.ActiveCfg = Debug|Any CPU
		{7A655576-0389-4CEB-AA8E-9A131801A2B2}.Debug|Any CPU.Build.0 = Debug|Any CPU
		{7A655576-0389-4CEB-AA8E-9A131801A2B2}.Release|Any CPU.ActiveCfg = Release|Any CPU
		{7A655576-0389-4CEB-AA8E-9A131801A2B2}.Release|Any CPU.Build.0 = Release|Any CPU
		{FAD572D5-B1EB-4A78-8BDF-5E2FD55A98BB}.Debug|Any CPU.ActiveCfg = Debug|Any CPU
		{FAD572D5-B1EB-4A78-8BDF-5E2FD55A98BB}.Debug|Any CPU.Build.0 = Debug|Any CPU
		{FAD572D5-B1EB-4A78-8BDF-5E2FD55A98BB}.Release|Any CPU.ActiveCfg = Release|Any CPU
		{FAD572D5-B1EB-4A78-8BDF-5E2FD55A98BB}.Release|Any CPU.Build.0 = Release|Any CPU
		{2229CF06-4549-46DB-B64C-6C192A0B5EDF}.Debug|Any CPU.ActiveCfg = Debug|Any CPU
		{2229CF06-4549-46DB-B64C-6C192A0B5EDF}.Debug|Any CPU.Build.0 = Debug|Any CPU
		{2229CF06-4549-46DB-B64C-6C192A0B5EDF}.Release|Any CPU.ActiveCfg = Release|Any CPU
		{2229CF06-4549-46DB-B64C-6C192A0B5EDF}.Release|Any CPU.Build.0 = Release|Any CPU
		{E55ACEA1-DE23-4996-BBC5-1F689C0E02D5}.Debug|Any CPU.ActiveCfg = Debug|Any CPU
		{E55ACEA1-DE23-4996-BBC5-1F689C0E02D5}.Debug|Any CPU.Build.0 = Debug|Any CPU
		{E55ACEA1-DE23-4996-BBC5-1F689C0E02D5}.Release|Any CPU.ActiveCfg = Release|Any CPU
		{E55ACEA1-DE23-4996-BBC5-1F689C0E02D5}.Release|Any CPU.Build.0 = Release|Any CPU
		{3FF89B75-3BA7-4A79-BFB6-2C3340A34823}.Debug|Any CPU.ActiveCfg = Debug|Any CPU
		{3FF89B75-3BA7-4A79-BFB6-2C3340A34823}.Debug|Any CPU.Build.0 = Debug|Any CPU
		{3FF89B75-3BA7-4A79-BFB6-2C3340A34823}.Release|Any CPU.ActiveCfg = Release|Any CPU
		{3FF89B75-3BA7-4A79-BFB6-2C3340A34823}.Release|Any CPU.Build.0 = Release|Any CPU
		{F83431AC-78B7-4F73-9741-5F909A9F223C}.Debug|Any CPU.ActiveCfg = Debug|Any CPU
		{F83431AC-78B7-4F73-9741-5F909A9F223C}.Debug|Any CPU.Build.0 = Debug|Any CPU
		{F83431AC-78B7-4F73-9741-5F909A9F223C}.Release|Any CPU.ActiveCfg = Release|Any CPU
		{F83431AC-78B7-4F73-9741-5F909A9F223C}.Release|Any CPU.Build.0 = Release|Any CPU
		{482283DA-C32C-431A-8AF2-8CE1A42E984F}.Debug|Any CPU.ActiveCfg = Debug|Any CPU
		{482283DA-C32C-431A-8AF2-8CE1A42E984F}.Debug|Any CPU.Build.0 = Debug|Any CPU
		{482283DA-C32C-431A-8AF2-8CE1A42E984F}.Release|Any CPU.ActiveCfg = Release|Any CPU
		{482283DA-C32C-431A-8AF2-8CE1A42E984F}.Release|Any CPU.Build.0 = Release|Any CPU
	EndGlobalSection
	GlobalSection(SolutionProperties) = preSolution
		HideSolutionNode = FALSE
	EndGlobalSection
	GlobalSection(ExtensibilityGlobals) = postSolution
		SolutionGuid = {0C6EF18D-0D87-48C9-ABD0-40E5B3FBC167}
	EndGlobalSection
EndGlobal
